// !$*UTF8*$!
{
	archiveVersion = 1;
	classes = {
	};
	objectVersion = 48;
	objects = {

/* Begin PBXBuildFile section */
		2A074DF11FBA8BF1002A8B43 /* quiz_default_data.json in Resources */ = {isa = PBXBuildFile; fileRef = 2A074DF01FBA8BF1002A8B43 /* quiz_default_data.json */; };
		2A63CDC81FB84038005B884D /* QuestionViewController.swift in Sources */ = {isa = PBXBuildFile; fileRef = 2A63CDC71FB84038005B884D /* QuestionViewController.swift */; };
		2A64AD701FAEEE4C005F3D08 /* AppDelegate.swift in Sources */ = {isa = PBXBuildFile; fileRef = 2A64AD6F1FAEEE4C005F3D08 /* AppDelegate.swift */; };
		2A64AD721FAEEE4C005F3D08 /* ViewController.swift in Sources */ = {isa = PBXBuildFile; fileRef = 2A64AD711FAEEE4C005F3D08 /* ViewController.swift */; };
		2A64AD751FAEEE4C005F3D08 /* Main.storyboard in Resources */ = {isa = PBXBuildFile; fileRef = 2A64AD731FAEEE4C005F3D08 /* Main.storyboard */; };
		2A64AD771FAEEE4C005F3D08 /* Assets.xcassets in Resources */ = {isa = PBXBuildFile; fileRef = 2A64AD761FAEEE4C005F3D08 /* Assets.xcassets */; };
		2A64AD7A1FAEEE4C005F3D08 /* LaunchScreen.storyboard in Resources */ = {isa = PBXBuildFile; fileRef = 2A64AD781FAEEE4C005F3D08 /* LaunchScreen.storyboard */; };
		2ABCF14B1FB952C8003BA368 /* AnswerViewController.swift in Sources */ = {isa = PBXBuildFile; fileRef = 2ABCF14A1FB952C8003BA368 /* AnswerViewController.swift */; };
		2ABCF14D1FB953CC003BA368 /* FinishViewController.swift in Sources */ = {isa = PBXBuildFile; fileRef = 2ABCF14C1FB953CC003BA368 /* FinishViewController.swift */; };
/* End PBXBuildFile section */

/* Begin PBXFileReference section */
		2A074DF01FBA8BF1002A8B43 /* quiz_default_data.json */ = {isa = PBXFileReference; fileEncoding = 4; lastKnownFileType = text.json; name = quiz_default_data.json; path = ../../../exp/quiz_default_data.json; sourceTree = "<group>"; };
		2A63CDC71FB84038005B884D /* QuestionViewController.swift */ = {isa = PBXFileReference; lastKnownFileType = sourcecode.swift; path = QuestionViewController.swift; sourceTree = "<group>"; };
		2A64AD6C1FAEEE4C005F3D08 /* iQuiz.app */ = {isa = PBXFileReference; explicitFileType = wrapper.application; includeInIndex = 0; path = iQuiz.app; sourceTree = BUILT_PRODUCTS_DIR; };
		2A64AD6F1FAEEE4C005F3D08 /* AppDelegate.swift */ = {isa = PBXFileReference; lastKnownFileType = sourcecode.swift; path = AppDelegate.swift; sourceTree = "<group>"; };
		2A64AD711FAEEE4C005F3D08 /* ViewController.swift */ = {isa = PBXFileReference; lastKnownFileType = sourcecode.swift; path = ViewController.swift; sourceTree = "<group>"; };
		2A64AD741FAEEE4C005F3D08 /* Base */ = {isa = PBXFileReference; lastKnownFileType = file.storyboard; name = Base; path = Base.lproj/Main.storyboard; sourceTree = "<group>"; };
		2A64AD761FAEEE4C005F3D08 /* Assets.xcassets */ = {isa = PBXFileReference; lastKnownFileType = folder.assetcatalog; path = Assets.xcassets; sourceTree = "<group>"; };
		2A64AD791FAEEE4C005F3D08 /* Base */ = {isa = PBXFileReference; lastKnownFileType = file.storyboard; name = Base; path = Base.lproj/LaunchScreen.storyboard; sourceTree = "<group>"; };
		2A64AD7B1FAEEE4C005F3D08 /* Info.plist */ = {isa = PBXFileReference; lastKnownFileType = text.plist.xml; path = Info.plist; sourceTree = "<group>"; };
		2ABCF14A1FB952C8003BA368 /* AnswerViewController.swift */ = {isa = PBXFileReference; lastKnownFileType = sourcecode.swift; path = AnswerViewController.swift; sourceTree = "<group>"; };
		2ABCF14C1FB953CC003BA368 /* FinishViewController.swift */ = {isa = PBXFileReference; lastKnownFileType = sourcecode.swift; path = FinishViewController.swift; sourceTree = "<group>"; };
/* End PBXFileReference section */

/* Begin PBXFrameworksBuildPhase section */
		2A64AD691FAEEE4B005F3D08 /* Frameworks */ = {
			isa = PBXFrameworksBuildPhase;
			buildActionMask = 2147483647;
			files = (
			);
			runOnlyForDeploymentPostprocessing = 0;
		};
/* End PBXFrameworksBuildPhase section */

/* Begin PBXGroup section */
		2A64AD631FAEEE4B005F3D08 = {
			isa = PBXGroup;
			children = (
				2A64AD6E1FAEEE4C005F3D08 /* iQuiz */,
				2A64AD6D1FAEEE4C005F3D08 /* Products */,
			);
			sourceTree = "<group>";
		};
		2A64AD6D1FAEEE4C005F3D08 /* Products */ = {
			isa = PBXGroup;
			children = (
				2A64AD6C1FAEEE4C005F3D08 /* iQuiz.app */,
			);
			name = Products;
			sourceTree = "<group>";
		};
		2A64AD6E1FAEEE4C005F3D08 /* iQuiz */ = {
			isa = PBXGroup;
			children = (
				2A074DF01FBA8BF1002A8B43 /* quiz_default_data.json */,
				2A64AD6F1FAEEE4C005F3D08 /* AppDelegate.swift */,
				2A64AD711FAEEE4C005F3D08 /* ViewController.swift */,
				2A63CDC71FB84038005B884D /* QuestionViewController.swift */,
				2ABCF14A1FB952C8003BA368 /* AnswerViewController.swift */,
				2ABCF14C1FB953CC003BA368 /* FinishViewController.swift */,
				2A64AD731FAEEE4C005F3D08 /* Main.storyboard */,
				2A64AD761FAEEE4C005F3D08 /* Assets.xcassets */,
				2A64AD781FAEEE4C005F3D08 /* LaunchScreen.storyboard */,
				2A64AD7B1FAEEE4C005F3D08 /* Info.plist */,
			);
			path = iQuiz;
			sourceTree = "<group>";
		};
/* End PBXGroup section */

/* Begin PBXNativeTarget section */
		2A64AD6B1FAEEE4B005F3D08 /* iQuiz */ = {
			isa = PBXNativeTarget;
			buildConfigurationList = 2A64AD7E1FAEEE4C005F3D08 /* Build configuration list for PBXNativeTarget "iQuiz" */;
			buildPhases = (
				2A64AD681FAEEE4B005F3D08 /* Sources */,
				2A64AD691FAEEE4B005F3D08 /* Frameworks */,
				2A64AD6A1FAEEE4B005F3D08 /* Resources */,
			);
			buildRules = (
			);
			dependencies = (
			);
			name = iQuiz;
			productName = iQuiz;
			productReference = 2A64AD6C1FAEEE4C005F3D08 /* iQuiz.app */;
			productType = "com.apple.product-type.application";
		};
/* End PBXNativeTarget section */

/* Begin PBXProject section */
		2A64AD641FAEEE4B005F3D08 /* Project object */ = {
			isa = PBXProject;
			attributes = {
				LastSwiftUpdateCheck = 0900;
				LastUpgradeCheck = 0900;
				ORGANIZATIONNAME = "Kiwon Jeong";
				TargetAttributes = {
					2A64AD6B1FAEEE4B005F3D08 = {
						CreatedOnToolsVersion = 9.0.1;
						ProvisioningStyle = Automatic;
					};
				};
			};
			buildConfigurationList = 2A64AD671FAEEE4B005F3D08 /* Build configuration list for PBXProject "iQuiz" */;
			compatibilityVersion = "Xcode 8.0";
			developmentRegion = en;
			hasScannedForEncodings = 0;
			knownRegions = (
				en,
				Base,
			);
			mainGroup = 2A64AD631FAEEE4B005F3D08;
			productRefGroup = 2A64AD6D1FAEEE4C005F3D08 /* Products */;
			projectDirPath = "";
			projectRoot = "";
			targets = (
				2A64AD6B1FAEEE4B005F3D08 /* iQuiz */,
			);
		};
/* End PBXProject section */

/* Begin PBXResourcesBuildPhase section */
		2A64AD6A1FAEEE4B005F3D08 /* Resources */ = {
			isa = PBXResourcesBuildPhase;
			buildActionMask = 2147483647;
			files = (
				2A074DF11FBA8BF1002A8B43 /* quiz_default_data.json in Resources */,
				2A64AD7A1FAEEE4C005F3D08 /* LaunchScreen.storyboard in Resources */,
				2A64AD771FAEEE4C005F3D08 /* Assets.xcassets in Resources */,
				2A64AD751FAEEE4C005F3D08 /* Main.storyboard in Resources */,
			);
			runOnlyForDeploymentPostprocessing = 0;
		};
/* End PBXResourcesBuildPhase section */

/* Begin PBXSourcesBuildPhase section */
		2A64AD681FAEEE4B005F3D08 /* Sources */ = {
			isa = PBXSourcesBuildPhase;
			buildActionMask = 2147483647;
			files = (
				2ABCF14D1FB953CC003BA368 /* FinishViewController.swift in Sources */,
				2ABCF14B1FB952C8003BA368 /* AnswerViewController.swift in Sources */,
				2A64AD721FAEEE4C005F3D08 /* ViewController.swift in Sources */,
				2A64AD701FAEEE4C005F3D08 /* AppDelegate.swift in Sources */,
				2A63CDC81FB84038005B884D /* QuestionViewController.swift in Sources */,
			);
			runOnlyForDeploymentPostprocessing = 0;
		};
/* End PBXSourcesBuildPhase section */

/* Begin PBXVariantGroup section */
		2A64AD731FAEEE4C005F3D08 /* Main.storyboard */ = {
			isa = PBXVariantGroup;
			children = (
				2A64AD741FAEEE4C005F3D08 /* Base */,
			);
			name = Main.storyboard;
			sourceTree = "<group>";
		};
		2A64AD781FAEEE4C005F3D08 /* LaunchScreen.storyboard */ = {
			isa = PBXVariantGroup;
			children = (
				2A64AD791FAEEE4C005F3D08 /* Base */,
			);
			name = LaunchScreen.storyboard;
			sourceTree = "<group>";
		};
/* End PBXVariantGroup section */

/* Begin XCBuildConfiguration section */
		2A64AD7C1FAEEE4C005F3D08 /* Debug */ = {
			isa = XCBuildConfiguration;
			buildSettings = {
				ALWAYS_SEARCH_USER_PATHS = NO;
				CLANG_ANALYZER_NONNULL = YES;
				CLANG_ANALYZER_NUMBER_OBJECT_CONVERSION = YES_AGGRESSIVE;
				CLANG_CXX_LANGUAGE_STANDARD = "gnu++14";
				CLANG_CXX_LIBRARY = "libc++";
				CLANG_ENABLE_MODULES = YES;
				CLANG_ENABLE_OBJC_ARC = YES;
				CLANG_WARN_BLOCK_CAPTURE_AUTORELEASING = YES;
				CLANG_WARN_BOOL_CONVERSION = YES;
				CLANG_WARN_COMMA = YES;
				CLANG_WARN_CONSTANT_CONVERSION = YES;
				CLANG_WARN_DIRECT_OBJC_ISA_USAGE = YES_ERROR;
				CLANG_WARN_DOCUMENTATION_COMMENTS = YES;
				CLANG_WARN_EMPTY_BODY = YES;
				CLANG_WARN_ENUM_CONVERSION = YES;
				CLANG_WARN_INFINITE_RECURSION = YES;
				CLANG_WARN_INT_CONVERSION = YES;
				CLANG_WARN_NON_LITERAL_NULL_CONVERSION = YES;
				CLANG_WARN_OBJC_LITERAL_CONVERSION = YES;
				CLANG_WARN_OBJC_ROOT_CLASS = YES_ERROR;
				CLANG_WARN_RANGE_LOOP_ANALYSIS = YES;
				CLANG_WARN_STRICT_PROTOTYPES = YES;
				CLANG_WARN_SUSPICIOUS_MOVE = YES;
				CLANG_WARN_UNGUARDED_AVAILABILITY = YES_AGGRESSIVE;
				CLANG_WARN_UNREACHABLE_CODE = YES;
				CLANG_WARN__DUPLICATE_METHOD_MATCH = YES;
				CODE_SIGN_IDENTITY = "iPhone Developer";
				COPY_PHASE_STRIP = NO;
				DEBUG_INFORMATION_FORMAT = dwarf;
				ENABLE_STRICT_OBJC_MSGSEND = YES;
				ENABLE_TESTABILITY = YES;
				GCC_C_LANGUAGE_STANDARD = gnu11;
				GCC_DYNAMIC_NO_PIC = NO;
				GCC_NO_COMMON_BLOCKS = YES;
				GCC_OPTIMIZATION_LEVEL = 0;
				GCC_PREPROCESSOR_DEFINITIONS = (
					"DEBUG=1",
					"$(inherited)",
				);
				GCC_WARN_64_TO_32_BIT_CONVERSION = YES;
				GCC_WARN_ABOUT_RETURN_TYPE = YES_ERROR;
				GCC_WARN_UNDECLARED_SELECTOR = YES;
				GCC_WARN_UNINITIALIZED_AUTOS = YES_AGGRESSIVE;
				GCC_WARN_UNUSED_FUNCTION = YES;
				GCC_WARN_UNUSED_VARIABLE = YES;
				IPHONEOS_DEPLOYMENT_TARGET = 11.0;
				MTL_ENABLE_DEBUG_INFO = YES;
				ONLY_ACTIVE_ARCH = YES;
				SDKROOT = iphoneos;
				SWIFT_ACTIVE_COMPILATION_CONDITIONS = DEBUG;
				SWIFT_OPTIMIZATION_LEVEL = "-Onone";
			};
			name = Debug;
		};
		2A64AD7D1FAEEE4C005F3D08 /* Release */ = {
			isa = XCBuildConfiguration;
			buildSettings = {
				ALWAYS_SEARCH_USER_PATHS = NO;
				CLANG_ANALYZER_NONNULL = YES;
				CLANG_ANALYZER_NUMBER_OBJECT_CONVERSION = YES_AGGRESSIVE;
				CLANG_CXX_LANGUAGE_STANDARD = "gnu++14";
				CLANG_CXX_LIBRARY = "libc++";
				CLANG_ENABLE_MODULES = YES;
				CLANG_ENABLE_OBJC_ARC = YES;
				CLANG_WARN_BLOCK_CAPTURE_AUTORELEASING = YES;
				CLANG_WARN_BOOL_CONVERSION = YES;
				CLANG_WARN_COMMA = YES;
				CLANG_WARN_CONSTANT_CONVERSION = YES;
				CLANG_WARN_DIRECT_OBJC_ISA_USAGE = YES_ERROR;
				CLANG_WARN_DOCUMENTATION_COMMENTS = YES;
				CLANG_WARN_EMPTY_BODY = YES;
				CLANG_WARN_ENUM_CONVERSION = YES;
				CLANG_WARN_INFINITE_RECURSION = YES;
				CLANG_WARN_INT_CONVERSION = YES;
				CLANG_WARN_NON_LITERAL_NULL_CONVERSION = YES;
				CLANG_WARN_OBJC_LITERAL_CONVERSION = YES;
				CLANG_WARN_OBJC_ROOT_CLASS = YES_ERROR;
				CLANG_WARN_RANGE_LOOP_ANALYSIS = YES;
				CLANG_WARN_STRICT_PROTOTYPES = YES;
				CLANG_WARN_SUSPICIOUS_MOVE = YES;
				CLANG_WARN_UNGUARDED_AVAILABILITY = YES_AGGRESSIVE;
				CLANG_WARN_UNREACHABLE_CODE = YES;
				CLANG_WARN__DUPLICATE_METHOD_MATCH = YES;
				CODE_SIGN_IDENTITY = "iPhone Developer";
				COPY_PHASE_STRIP = NO;
				DEBUG_INFORMATION_FORMAT = "dwarf-with-dsym";
				ENABLE_NS_ASSERTIONS = NO;
				ENABLE_STRICT_OBJC_MSGSEND = YES;
				GCC_C_LANGUAGE_STANDARD = gnu11;
				GCC_NO_COMMON_BLOCKS = YES;
				GCC_WARN_64_TO_32_BIT_CONVERSION = YES;
				GCC_WARN_ABOUT_RETURN_TYPE = YES_ERROR;
				GCC_WARN_UNDECLARED_SELECTOR = YES;
				GCC_WARN_UNINITIALIZED_AUTOS = YES_AGGRESSIVE;
				GCC_WARN_UNUSED_FUNCTION = YES;
				GCC_WARN_UNUSED_VARIABLE = YES;
				IPHONEOS_DEPLOYMENT_TARGET = 11.0;
				MTL_ENABLE_DEBUG_INFO = NO;
				SDKROOT = iphoneos;
				SWIFT_OPTIMIZATION_LEVEL = "-Owholemodule";
				VALIDATE_PRODUCT = YES;
			};
			name = Release;
		};
		2A64AD7F1FAEEE4C005F3D08 /* Debug */ = {
			isa = XCBuildConfiguration;
			buildSettings = {
				ASSETCATALOG_COMPILER_APPICON_NAME = AppIcon;
				CODE_SIGN_STYLE = Automatic;
				DEVELOPMENT_TEAM = 4PUF9XYMT4;
				INFOPLIST_FILE = iQuiz/Info.plist;
				LD_RUNPATH_SEARCH_PATHS = "$(inherited) @executable_path/Frameworks";
				PRODUCT_BUNDLE_IDENTIFIER = edu.uw.ischool.iQuiz;
				PRODUCT_NAME = "$(TARGET_NAME)";
				SWIFT_VERSION = 4.0;
				TARGETED_DEVICE_FAMILY = "1,2";
			};
			name = Debug;
		};
		2A64AD801FAEEE4C005F3D08 /* Release */ = {
			isa = XCBuildConfiguration;
			buildSettings = {
				ASSETCATALOG_COMPILER_APPICON_NAME = AppIcon;
				CODE_SIGN_STYLE = Automatic;
				DEVELOPMENT_TEAM = 4PUF9XYMT4;
				INFOPLIST_FILE = iQuiz/Info.plist;
				LD_RUNPATH_SEARCH_PATHS = "$(inherited) @executable_path/Frameworks";
				PRODUCT_BUNDLE_IDENTIFIER = edu.uw.ischool.iQuiz;
				PRODUCT_NAME = "$(TARGET_NAME)";
				SWIFT_VERSION = 4.0;
				TARGETED_DEVICE_FAMILY = "1,2";
			};
			name = Release;
		};
/* End XCBuildConfiguration section */

/* Begin XCConfigurationList section */
		2A64AD671FAEEE4B005F3D08 /* Build configuration list for PBXProject "iQuiz" */ = {
			isa = XCConfigurationList;
			buildConfigurations = (
				2A64AD7C1FAEEE4C005F3D08 /* Debug */,
				2A64AD7D1FAEEE4C005F3D08 /* Release */,
			);
			defaultConfigurationIsVisible = 0;
			defaultConfigurationName = Release;
		};
		2A64AD7E1FAEEE4C005F3D08 /* Build configuration list for PBXNativeTarget "iQuiz" */ = {
			isa = XCConfigurationList;
			buildConfigurations = (
				2A64AD7F1FAEEE4C005F3D08 /* Debug */,
				2A64AD801FAEEE4C005F3D08 /* Release */,
			);
			defaultConfigurationIsVisible = 0;
			defaultConfigurationName = Release;
		};
/* End XCConfigurationList section */
	};
	rootObject = 2A64AD641FAEEE4B005F3D08 /* Project object */;
}
